// !$*UTF8*$!
{
	archiveVersion = 1;
	classes = {
	};
	objectVersion = 50;
	objects = {

/* Begin PBXBuildFile section */
		F0A5976A25306309004CD02A /* AppDelegate.m in Sources */ = {isa = PBXBuildFile; fileRef = F0A5976925306309004CD02A /* AppDelegate.m */; };
		F0A5976D25306309004CD02A /* SceneDelegate.m in Sources */ = {isa = PBXBuildFile; fileRef = F0A5976C25306309004CD02A /* SceneDelegate.m */; };
		F0A5977025306309004CD02A /* ViewController.m in Sources */ = {isa = PBXBuildFile; fileRef = F0A5976F25306309004CD02A /* ViewController.m */; };
		F0A5977325306309004CD02A /* Main.storyboard in Resources */ = {isa = PBXBuildFile; fileRef = F0A5977125306309004CD02A /* Main.storyboard */; };
		F0A597752530630F004CD02A /* Assets.xcassets in Resources */ = {isa = PBXBuildFile; fileRef = F0A597742530630F004CD02A /* Assets.xcassets */; };
		F0A597782530630F004CD02A /* LaunchScreen.storyboard in Resources */ = {isa = PBXBuildFile; fileRef = F0A597762530630F004CD02A /* LaunchScreen.storyboard */; };
		F0A5977B2530630F004CD02A /* main.m in Sources */ = {isa = PBXBuildFile; fileRef = F0A5977A2530630F004CD02A /* main.m */; };
		F0A5978525306310004CD02A /* _______Tests.m in Sources */ = {isa = PBXBuildFile; fileRef = F0A5978425306310004CD02A /* _______Tests.m */; };
		F0A5979025306310004CD02A /* _______UITests.m in Sources */ = {isa = PBXBuildFile; fileRef = F0A5978F25306310004CD02A /* _______UITests.m */; };
		F0A5979F2530632D004CD02A /* YZPermenantThread.m in Sources */ = {isa = PBXBuildFile; fileRef = F0A5979E2530632D004CD02A /* YZPermenantThread.m */; };
/* End PBXBuildFile section */

/* Begin PBXContainerItemProxy section */
		F0A5978125306310004CD02A /* PBXContainerItemProxy */ = {
			isa = PBXContainerItemProxy;
			containerPortal = F0A5975D25306309004CD02A /* Project object */;
			proxyType = 1;
			remoteGlobalIDString = F0A5976425306309004CD02A;
			remoteInfo = "线程保活的封装";
		};
		F0A5978C25306310004CD02A /* PBXContainerItemProxy */ = {
			isa = PBXContainerItemProxy;
			containerPortal = F0A5975D25306309004CD02A /* Project object */;
			proxyType = 1;
			remoteGlobalIDString = F0A5976425306309004CD02A;
			remoteInfo = "线程保活的封装";
		};
/* End PBXContainerItemProxy section */

/* Begin PBXFileReference section */
		F0A5976525306309004CD02A /* 线程保活的封装.app */ = {isa = PBXFileReference; explicitFileType = wrapper.application; includeInIndex = 0; path = "线程保活的封装.app"; sourceTree = BUILT_PRODUCTS_DIR; };
		F0A5976825306309004CD02A /* AppDelegate.h */ = {isa = PBXFileReference; lastKnownFileType = sourcecode.c.h; path = AppDelegate.h; sourceTree = "<group>"; };
		F0A5976925306309004CD02A /* AppDelegate.m */ = {isa = PBXFileReference; lastKnownFileType = sourcecode.c.objc; path = AppDelegate.m; sourceTree = "<group>"; };
		F0A5976B25306309004CD02A /* SceneDelegate.h */ = {isa = PBXFileReference; lastKnownFileType = sourcecode.c.h; path = SceneDelegate.h; sourceTree = "<group>"; };
		F0A5976C25306309004CD02A /* SceneDelegate.m */ = {isa = PBXFileReference; lastKnownFileType = sourcecode.c.objc; path = SceneDelegate.m; sourceTree = "<group>"; };
		F0A5976E25306309004CD02A /* ViewController.h */ = {isa = PBXFileReference; lastKnownFileType = sourcecode.c.h; path = ViewController.h; sourceTree = "<group>"; };
		F0A5976F25306309004CD02A /* ViewController.m */ = {isa = PBXFileReference; lastKnownFileType = sourcecode.c.objc; path = ViewController.m; sourceTree = "<group>"; };
		F0A5977225306309004CD02A /* Base */ = {isa = PBXFileReference; lastKnownFileType = file.storyboard; name = Base; path = Base.lproj/Main.storyboard; sourceTree = "<group>"; };
		F0A597742530630F004CD02A /* Assets.xcassets */ = {isa = PBXFileReference; lastKnownFileType = folder.assetcatalog; path = Assets.xcassets; sourceTree = "<group>"; };
		F0A597772530630F004CD02A /* Base */ = {isa = PBXFileReference; lastKnownFileType = file.storyboard; name = Base; path = Base.lproj/LaunchScreen.storyboard; sourceTree = "<group>"; };
		F0A597792530630F004CD02A /* Info.plist */ = {isa = PBXFileReference; lastKnownFileType = text.plist.xml; path = Info.plist; sourceTree = "<group>"; };
		F0A5977A2530630F004CD02A /* main.m */ = {isa = PBXFileReference; lastKnownFileType = sourcecode.c.objc; path = main.m; sourceTree = "<group>"; };
		F0A5978025306310004CD02A /* 线程保活的封装Tests.xctest */ = {isa = PBXFileReference; explicitFileType = wrapper.cfbundle; includeInIndex = 0; path = "线程保活的封装Tests.xctest"; sourceTree = BUILT_PRODUCTS_DIR; };
		F0A5978425306310004CD02A /* _______Tests.m */ = {isa = PBXFileReference; lastKnownFileType = sourcecode.c.objc; path = "_______Tests.m"; sourceTree = "<group>"; };
		F0A5978625306310004CD02A /* Info.plist */ = {isa = PBXFileReference; lastKnownFileType = text.plist.xml; path = Info.plist; sourceTree = "<group>"; };
		F0A5978B25306310004CD02A /* 线程保活的封装UITests.xctest */ = {isa = PBXFileReference; explicitFileType = wrapper.cfbundle; includeInIndex = 0; path = "线程保活的封装UITests.xctest"; sourceTree = BUILT_PRODUCTS_DIR; };
		F0A5978F25306310004CD02A /* _______UITests.m */ = {isa = PBXFileReference; lastKnownFileType = sourcecode.c.objc; path = "_______UITests.m"; sourceTree = "<group>"; };
		F0A5979125306310004CD02A /* Info.plist */ = {isa = PBXFileReference; lastKnownFileType = text.plist.xml; path = Info.plist; sourceTree = "<group>"; };
		F0A5979D2530632D004CD02A /* YZPermenantThread.h */ = {isa = PBXFileReference; lastKnownFileType = sourcecode.c.h; path = YZPermenantThread.h; sourceTree = "<group>"; };
		F0A5979E2530632D004CD02A /* YZPermenantThread.m */ = {isa = PBXFileReference; lastKnownFileType = sourcecode.c.objc; path = YZPermenantThread.m; sourceTree = "<group>"; };
/* End PBXFileReference section */

/* Begin PBXFrameworksBuildPhase section */
		F0A5976225306309004CD02A /* Frameworks */ = {
			isa = PBXFrameworksBuildPhase;
			buildActionMask = 2147483647;
			files = (
			);
			runOnlyForDeploymentPostprocessing = 0;
		};
		F0A5977D25306310004CD02A /* Frameworks */ = {
			isa = PBXFrameworksBuildPhase;
			buildActionMask = 2147483647;
			files = (
			);
			runOnlyForDeploymentPostprocessing = 0;
		};
		F0A5978825306310004CD02A /* Frameworks */ = {
			isa = PBXFrameworksBuildPhase;
			buildActionMask = 2147483647;
			files = (
			);
			runOnlyForDeploymentPostprocessing = 0;
		};
/* End PBXFrameworksBuildPhase section */

/* Begin PBXGroup section */
		F0A5975C25306309004CD02A = {
			isa = PBXGroup;
			children = (
				F0A5976725306309004CD02A /* 线程保活的封装 */,
				F0A5978325306310004CD02A /* 线程保活的封装Tests */,
				F0A5978E25306310004CD02A /* 线程保活的封装UITests */,
				F0A5976625306309004CD02A /* Products */,
			);
			sourceTree = "<group>";
		};
		F0A5976625306309004CD02A /* Products */ = {
			isa = PBXGroup;
			children = (
				F0A5976525306309004CD02A /* 线程保活的封装.app */,
				F0A5978025306310004CD02A /* 线程保活的封装Tests.xctest */,
				F0A5978B25306310004CD02A /* 线程保活的封装UITests.xctest */,
			);
			name = Products;
			sourceTree = "<group>";
		};
		F0A5976725306309004CD02A /* 线程保活的封装 */ = {
			isa = PBXGroup;
			children = (
				F0A597A0253064FC004CD02A /* 线程的封装 */,
				F0A5976825306309004CD02A /* AppDelegate.h */,
				F0A5976925306309004CD02A /* AppDelegate.m */,
				F0A5976B25306309004CD02A /* SceneDelegate.h */,
				F0A5976C25306309004CD02A /* SceneDelegate.m */,
				F0A5976E25306309004CD02A /* ViewController.h */,
				F0A5976F25306309004CD02A /* ViewController.m */,
				F0A5977125306309004CD02A /* Main.storyboard */,
				F0A597742530630F004CD02A /* Assets.xcassets */,
				F0A597762530630F004CD02A /* LaunchScreen.storyboard */,
				F0A597792530630F004CD02A /* Info.plist */,
				F0A5977A2530630F004CD02A /* main.m */,
			);
			path = "线程保活的封装";
			sourceTree = "<group>";
		};
		F0A5978325306310004CD02A /* 线程保活的封装Tests */ = {
			isa = PBXGroup;
			children = (
				F0A5978425306310004CD02A /* _______Tests.m */,
				F0A5978625306310004CD02A /* Info.plist */,
			);
			path = "线程保活的封装Tests";
			sourceTree = "<group>";
		};
		F0A5978E25306310004CD02A /* 线程保活的封装UITests */ = {
			isa = PBXGroup;
			children = (
				F0A5978F25306310004CD02A /* _______UITests.m */,
				F0A5979125306310004CD02A /* Info.plist */,
			);
			path = "线程保活的封装UITests";
			sourceTree = "<group>";
		};
		F0A597A0253064FC004CD02A /* 线程的封装 */ = {
			isa = PBXGroup;
			children = (
				F0A5979D2530632D004CD02A /* YZPermenantThread.h */,
				F0A5979E2530632D004CD02A /* YZPermenantThread.m */,
			);
			path = "线程的封装";
			sourceTree = "<group>";
		};
/* End PBXGroup section */

/* Begin PBXNativeTarget section */
		F0A5976425306309004CD02A /* 线程保活的封装 */ = {
			isa = PBXNativeTarget;
			buildConfigurationList = F0A5979425306310004CD02A /* Build configuration list for PBXNativeTarget "线程保活的封装" */;
			buildPhases = (
				F0A5976125306309004CD02A /* Sources */,
				F0A5976225306309004CD02A /* Frameworks */,
				F0A5976325306309004CD02A /* Resources */,
			);
			buildRules = (
			);
			dependencies = (
			);
			name = "线程保活的封装";
			productName = "线程保活的封装";
			productReference = F0A5976525306309004CD02A /* 线程保活的封装.app */;
			productType = "com.apple.product-type.application";
		};
		F0A5977F25306310004CD02A /* 线程保活的封装Tests */ = {
			isa = PBXNativeTarget;
			buildConfigurationList = F0A5979725306310004CD02A /* Build configuration list for PBXNativeTarget "线程保活的封装Tests" */;
			buildPhases = (
				F0A5977C25306310004CD02A /* Sources */,
				F0A5977D25306310004CD02A /* Frameworks */,
				F0A5977E25306310004CD02A /* Resources */,
			);
			buildRules = (
			);
			dependencies = (
				F0A5978225306310004CD02A /* PBXTargetDependency */,
			);
			name = "线程保活的封装Tests";
			productName = "线程保活的封装Tests";
			productReference = F0A5978025306310004CD02A /* 线程保活的封装Tests.xctest */;
			productType = "com.apple.product-type.bundle.unit-test";
		};
		F0A5978A25306310004CD02A /* 线程保活的封装UITests */ = {
			isa = PBXNativeTarget;
			buildConfigurationList = F0A5979A25306310004CD02A /* Build configuration list for PBXNativeTarget "线程保活的封装UITests" */;
			buildPhases = (
				F0A5978725306310004CD02A /* Sources */,
				F0A5978825306310004CD02A /* Frameworks */,
				F0A5978925306310004CD02A /* Resources */,
			);
			buildRules = (
			);
			dependencies = (
				F0A5978D25306310004CD02A /* PBXTargetDependency */,
			);
			name = "线程保活的封装UITests";
			productName = "线程保活的封装UITests";
			productReference = F0A5978B25306310004CD02A /* 线程保活的封装UITests.xctest */;
			productType = "com.apple.product-type.bundle.ui-testing";
		};
/* End PBXNativeTarget section */

/* Begin PBXProject section */
		F0A5975D25306309004CD02A /* Project object */ = {
			isa = PBXProject;
			attributes = {
				LastUpgradeCheck = 1160;
				ORGANIZATIONNAME = "李雅珠";
				TargetAttributes = {
					F0A5976425306309004CD02A = {
						CreatedOnToolsVersion = 11.6;
					};
					F0A5977F25306310004CD02A = {
						CreatedOnToolsVersion = 11.6;
						TestTargetID = F0A5976425306309004CD02A;
					};
					F0A5978A25306310004CD02A = {
						CreatedOnToolsVersion = 11.6;
						TestTargetID = F0A5976425306309004CD02A;
					};
				};
			};
			buildConfigurationList = F0A5976025306309004CD02A /* Build configuration list for PBXProject "线程保活的封装" */;
			compatibilityVersion = "Xcode 9.3";
			developmentRegion = en;
			hasScannedForEncodings = 0;
			knownRegions = (
				en,
				Base,
			);
			mainGroup = F0A5975C25306309004CD02A;
			productRefGroup = F0A5976625306309004CD02A /* Products */;
			projectDirPath = "";
			projectRoot = "";
			targets = (
				F0A5976425306309004CD02A /* 线程保活的封装 */,
				F0A5977F25306310004CD02A /* 线程保活的封装Tests */,
				F0A5978A25306310004CD02A /* 线程保活的封装UITests */,
			);
		};
/* End PBXProject section */

/* Begin PBXResourcesBuildPhase section */
		F0A5976325306309004CD02A /* Resources */ = {
			isa = PBXResourcesBuildPhase;
			buildActionMask = 2147483647;
			files = (
				F0A597782530630F004CD02A /* LaunchScreen.storyboard in Resources */,
				F0A597752530630F004CD02A /* Assets.xcassets in Resources */,
				F0A5977325306309004CD02A /* Main.storyboard in Resources */,
			);
			runOnlyForDeploymentPostprocessing = 0;
		};
		F0A5977E25306310004CD02A /* Resources */ = {
			isa = PBXResourcesBuildPhase;
			buildActionMask = 2147483647;
			files = (
			);
			runOnlyForDeploymentPostprocessing = 0;
		};
		F0A5978925306310004CD02A /* Resources */ = {
			isa = PBXResourcesBuildPhase;
			buildActionMask = 2147483647;
			files = (
			);
			runOnlyForDeploymentPostprocessing = 0;
		};
/* End PBXResourcesBuildPhase section */

/* Begin PBXSourcesBuildPhase section */
		F0A5976125306309004CD02A /* Sources */ = {
			isa = PBXSourcesBuildPhase;
			buildActionMask = 2147483647;
			files = (
				F0A5977025306309004CD02A /* ViewController.m in Sources */,
				F0A5976A25306309004CD02A /* AppDelegate.m in Sources */,
				F0A5979F2530632D004CD02A /* YZPermenantThread.m in Sources */,
				F0A5977B2530630F004CD02A /* main.m in Sources */,
				F0A5976D25306309004CD02A /* SceneDelegate.m in Sources */,
			);
			runOnlyForDeploymentPostprocessing = 0;
		};
		F0A5977C25306310004CD02A /* Sources */ = {
			isa = PBXSourcesBuildPhase;
			buildActionMask = 2147483647;
			files = (
				F0A5978525306310004CD02A /* _______Tests.m in Sources */,
			);
			runOnlyForDeploymentPostprocessing = 0;
		};
		F0A5978725306310004CD02A /* Sources */ = {
			isa = PBXSourcesBuildPhase;
			buildActionMask = 2147483647;
			files = (
				F0A5979025306310004CD02A /* _______UITests.m in Sources */,
			);
			runOnlyForDeploymentPostprocessing = 0;
		};
/* End PBXSourcesBuildPhase section */

/* Begin PBXTargetDependency section */
		F0A5978225306310004CD02A /* PBXTargetDependency */ = {
			isa = PBXTargetDependency;
			target = F0A5976425306309004CD02A /* 线程保活的封装 */;
			targetProxy = F0A5978125306310004CD02A /* PBXContainerItemProxy */;
		};
		F0A5978D25306310004CD02A /* PBXTargetDependency */ = {
			isa = PBXTargetDependency;
			target = F0A5976425306309004CD02A /* 线程保活的封装 */;
			targetProxy = F0A5978C25306310004CD02A /* PBXContainerItemProxy */;
		};
/* End PBXTargetDependency section */

/* Begin PBXVariantGroup section */
		F0A5977125306309004CD02A /* Main.storyboard */ = {
			isa = PBXVariantGroup;
			children = (
				F0A5977225306309004CD02A /* Base */,
			);
			name = Main.storyboard;
			sourceTree = "<group>";
		};
		F0A597762530630F004CD02A /* LaunchScreen.storyboard */ = {
			isa = PBXVariantGroup;
			children = (
				F0A597772530630F004CD02A /* Base */,
			);
			name = LaunchScreen.storyboard;
			sourceTree = "<group>";
		};
/* End PBXVariantGroup section */

/* Begin XCBuildConfiguration section */
		F0A5979225306310004CD02A /* Debug */ = {
			isa = XCBuildConfiguration;
			buildSettings = {
				ALWAYS_SEARCH_USER_PATHS = NO;
				CLANG_ANALYZER_NONNULL = YES;
				CLANG_ANALYZER_NUMBER_OBJECT_CONVERSION = YES_AGGRESSIVE;
				CLANG_CXX_LANGUAGE_STANDARD = "gnu++14";
				CLANG_CXX_LIBRARY = "libc++";
				CLANG_ENABLE_MODULES = YES;
				CLANG_ENABLE_OBJC_ARC = YES;
				CLANG_ENABLE_OBJC_WEAK = YES;
				CLANG_WARN_BLOCK_CAPTURE_AUTORELEASING = YES;
				CLANG_WARN_BOOL_CONVERSION = YES;
				CLANG_WARN_COMMA = YES;
				CLANG_WARN_CONSTANT_CONVERSION = YES;
				CLANG_WARN_DEPRECATED_OBJC_IMPLEMENTATIONS = YES;
				CLANG_WARN_DIRECT_OBJC_ISA_USAGE = YES_ERROR;
				CLANG_WARN_DOCUMENTATION_COMMENTS = YES;
				CLANG_WARN_EMPTY_BODY = YES;
				CLANG_WARN_ENUM_CONVERSION = YES;
				CLANG_WARN_INFINITE_RECURSION = YES;
				CLANG_WARN_INT_CONVERSION = YES;
				CLANG_WARN_NON_LITERAL_NULL_CONVERSION = YES;
				CLANG_WARN_OBJC_IMPLICIT_RETAIN_SELF = YES;
				CLANG_WARN_OBJC_LITERAL_CONVERSION = YES;
				CLANG_WARN_OBJC_ROOT_CLASS = YES_ERROR;
				CLANG_WARN_RANGE_LOOP_ANALYSIS = YES;
				CLANG_WARN_STRICT_PROTOTYPES = YES;
				CLANG_WARN_SUSPICIOUS_MOVE = YES;
				CLANG_WARN_UNGUARDED_AVAILABILITY = YES_AGGRESSIVE;
				CLANG_WARN_UNREACHABLE_CODE = YES;
				CLANG_WARN__DUPLICATE_METHOD_MATCH = YES;
				COPY_PHASE_STRIP = NO;
				DEBUG_INFORMATION_FORMAT = dwarf;
				ENABLE_STRICT_OBJC_MSGSEND = YES;
				ENABLE_TESTABILITY = YES;
				GCC_C_LANGUAGE_STANDARD = gnu11;
				GCC_DYNAMIC_NO_PIC = NO;
				GCC_NO_COMMON_BLOCKS = YES;
				GCC_OPTIMIZATION_LEVEL = 0;
				GCC_PREPROCESSOR_DEFINITIONS = (
					"DEBUG=1",
					"$(inherited)",
				);
				GCC_WARN_64_TO_32_BIT_CONVERSION = YES;
				GCC_WARN_ABOUT_RETURN_TYPE = YES_ERROR;
				GCC_WARN_UNDECLARED_SELECTOR = YES;
				GCC_WARN_UNINITIALIZED_AUTOS = YES_AGGRESSIVE;
				GCC_WARN_UNUSED_FUNCTION = YES;
				GCC_WARN_UNUSED_VARIABLE = YES;
				IPHONEOS_DEPLOYMENT_TARGET = 13.6;
				MTL_ENABLE_DEBUG_INFO = INCLUDE_SOURCE;
				MTL_FAST_MATH = YES;
				ONLY_ACTIVE_ARCH = YES;
				SDKROOT = iphoneos;
			};
			name = Debug;
		};
		F0A5979325306310004CD02A /* Release */ = {
			isa = XCBuildConfiguration;
			buildSettings = {
				ALWAYS_SEARCH_USER_PATHS = NO;
				CLANG_ANALYZER_NONNULL = YES;
				CLANG_ANALYZER_NUMBER_OBJECT_CONVERSION = YES_AGGRESSIVE;
				CLANG_CXX_LANGUAGE_STANDARD = "gnu++14";
				CLANG_CXX_LIBRARY = "libc++";
				CLANG_ENABLE_MODULES = YES;
				CLANG_ENABLE_OBJC_ARC = YES;
				CLANG_ENABLE_OBJC_WEAK = YES;
				CLANG_WARN_BLOCK_CAPTURE_AUTORELEASING = YES;
				CLANG_WARN_BOOL_CONVERSION = YES;
				CLANG_WARN_COMMA = YES;
				CLANG_WARN_CONSTANT_CONVERSION = YES;
				CLANG_WARN_DEPRECATED_OBJC_IMPLEMENTATIONS = YES;
				CLANG_WARN_DIRECT_OBJC_ISA_USAGE = YES_ERROR;
				CLANG_WARN_DOCUMENTATION_COMMENTS = YES;
				CLANG_WARN_EMPTY_BODY = YES;
				CLANG_WARN_ENUM_CONVERSION = YES;
				CLANG_WARN_INFINITE_RECURSION = YES;
				CLANG_WARN_INT_CONVERSION = YES;
				CLANG_WARN_NON_LITERAL_NULL_CONVERSION = YES;
				CLANG_WARN_OBJC_IMPLICIT_RETAIN_SELF = YES;
				CLANG_WARN_OBJC_LITERAL_CONVERSION = YES;
				CLANG_WARN_OBJC_ROOT_CLASS = YES_ERROR;
				CLANG_WARN_RANGE_LOOP_ANALYSIS = YES;
				CLANG_WARN_STRICT_PROTOTYPES = YES;
				CLANG_WARN_SUSPICIOUS_MOVE = YES;
				CLANG_WARN_UNGUARDED_AVAILABILITY = YES_AGGRESSIVE;
				CLANG_WARN_UNREACHABLE_CODE = YES;
				CLANG_WARN__DUPLICATE_METHOD_MATCH = YES;
				COPY_PHASE_STRIP = NO;
				DEBUG_INFORMATION_FORMAT = "dwarf-with-dsym";
				ENABLE_NS_ASSERTIONS = NO;
				ENABLE_STRICT_OBJC_MSGSEND = YES;
				GCC_C_LANGUAGE_STANDARD = gnu11;
				GCC_NO_COMMON_BLOCKS = YES;
				GCC_WARN_64_TO_32_BIT_CONVERSION = YES;
				GCC_WARN_ABOUT_RETURN_TYPE = YES_ERROR;
				GCC_WARN_UNDECLARED_SELECTOR = YES;
				GCC_WARN_UNINITIALIZED_AUTOS = YES_AGGRESSIVE;
				GCC_WARN_UNUSED_FUNCTION = YES;
				GCC_WARN_UNUSED_VARIABLE = YES;
				IPHONEOS_DEPLOYMENT_TARGET = 13.6;
				MTL_ENABLE_DEBUG_INFO = NO;
				MTL_FAST_MATH = YES;
				SDKROOT = iphoneos;
				VALIDATE_PRODUCT = YES;
			};
			name = Release;
		};
		F0A5979525306310004CD02A /* Debug */ = {
			isa = XCBuildConfiguration;
			buildSettings = {
				ASSETCATALOG_COMPILER_APPICON_NAME = AppIcon;
				CODE_SIGN_STYLE = Automatic;
				INFOPLIST_FILE = "线程保活的封装/Info.plist";
				LD_RUNPATH_SEARCH_PATHS = (
					"$(inherited)",
					"@executable_path/Frameworks",
				);
				PRODUCT_BUNDLE_IDENTIFIER = "test.-------";
				PRODUCT_NAME = "$(TARGET_NAME)";
				TARGETED_DEVICE_FAMILY = "1,2";
			};
			name = Debug;
		};
		F0A5979625306310004CD02A /* Release */ = {
			isa = XCBuildConfiguration;
			buildSettings = {
				ASSETCATALOG_COMPILER_APPICON_NAME = AppIcon;
				CODE_SIGN_STYLE = Automatic;
				INFOPLIST_FILE = "线程保活的封装/Info.plist";
				LD_RUNPATH_SEARCH_PATHS = (
					"$(inherited)",
					"@executable_path/Frameworks",
				);
				PRODUCT_BUNDLE_IDENTIFIER = "test.-------";
				PRODUCT_NAME = "$(TARGET_NAME)";
				TARGETED_DEVICE_FAMILY = "1,2";
			};
			name = Release;
		};
		F0A5979825306310004CD02A /* Debug */ = {
			isa = XCBuildConfiguration;
			buildSettings = {
				BUNDLE_LOADER = "$(TEST_HOST)";
				CODE_SIGN_STYLE = Automatic;
				INFOPLIST_FILE = "线程保活的封装Tests/Info.plist";
				IPHONEOS_DEPLOYMENT_TARGET = 13.6;
				LD_RUNPATH_SEARCH_PATHS = (
					"$(inherited)",
					"@executable_path/Frameworks",
					"@loader_path/Frameworks",
				);
				PRODUCT_BUNDLE_IDENTIFIER = "test.-------Tests";
				PRODUCT_NAME = "$(TARGET_NAME)";
				TARGETED_DEVICE_FAMILY = "1,2";
				TEST_HOST = "$(BUILT_PRODUCTS_DIR)/线程保活的封装.app/线程保活的封装";
			};
			name = Debug;
		};
		F0A5979925306310004CD02A /* Release */ = {
			isa = XCBuildConfiguration;
			buildSettings = {
				BUNDLE_LOADER = "$(TEST_HOST)";
				CODE_SIGN_STYLE = Automatic;
				INFOPLIST_FILE = "线程保活的封装Tests/Info.plist";
				IPHONEOS_DEPLOYMENT_TARGET = 13.6;
				LD_RUNPATH_SEARCH_PATHS = (
					"$(inherited)",
					"@executable_path/Frameworks",
					"@loader_path/Frameworks",
				);
				PRODUCT_BUNDLE_IDENTIFIER = "test.-------Tests";
				PRODUCT_NAME = "$(TARGET_NAME)";
				TARGETED_DEVICE_FAMILY = "1,2";
				TEST_HOST = "$(BUILT_PRODUCTS_DIR)/线程保活的封装.app/线程保活的封装";
			};
			name = Release;
		};
		F0A5979B25306310004CD02A /* Debug */ = {
			isa = XCBuildConfiguration;
			buildSettings = {
				CODE_SIGN_STYLE = Automatic;
				INFOPLIST_FILE = "线程保活的封装UITests/Info.plist";
				LD_RUNPATH_SEARCH_PATHS = (
					"$(inherited)",
					"@executable_path/Frameworks",
					"@loader_path/Frameworks",
				);
				PRODUCT_BUNDLE_IDENTIFIER = "test.-------UITests";
				PRODUCT_NAME = "$(TARGET_NAME)";
				TARGETED_DEVICE_FAMILY = "1,2";
				TEST_TARGET_NAME = "线程保活的封装";
			};
			name = Debug;
		};
		F0A5979C25306310004CD02A /* Release */ = {
			isa = XCBuildConfiguration;
			buildSettings = {
				CODE_SIGN_STYLE = Automatic;
				INFOPLIST_FILE = "线程保活的封装UITests/Info.plist";
				LD_RUNPATH_SEARCH_PATHS = (
					"$(inherited)",
					"@executable_path/Frameworks",
					"@loader_path/Frameworks",
				);
				PRODUCT_BUNDLE_IDENTIFIER = "test.-------UITests";
				PRODUCT_NAME = "$(TARGET_NAME)";
				TARGETED_DEVICE_FAMILY = "1,2";
				TEST_TARGET_NAME = "线程保活的封装";
			};
			name = Release;
		};
/* End XCBuildConfiguration section */

/* Begin XCConfigurationList section */
		F0A5976025306309004CD02A /* Build configuration list for PBXProject "线程保活的封装" */ = {
			isa = XCConfigurationList;
			buildConfigurations = (
				F0A5979225306310004CD02A /* Debug */,
				F0A5979325306310004CD02A /* Release */,
			);
			defaultConfigurationIsVisible = 0;
			defaultConfigurationName = Release;
		};
		F0A5979425306310004CD02A /* Build configuration list for PBXNativeTarget "线程保活的封装" */ = {
			isa = XCConfigurationList;
			buildConfigurations = (
				F0A5979525306310004CD02A /* Debug */,
				F0A5979625306310004CD02A /* Release */,
			);
			defaultConfigurationIsVisible = 0;
			defaultConfigurationName = Release;
		};
		F0A5979725306310004CD02A /* Build configuration list for PBXNativeTarget "线程保活的封装Tests" */ = {
			isa = XCConfigurationList;
			buildConfigurations = (
				F0A5979825306310004CD02A /* Debug */,
				F0A5979925306310004CD02A /* Release */,
			);
			defaultConfigurationIsVisible = 0;
			defaultConfigurationName = Release;
		};
		F0A5979A25306310004CD02A /* Build configuration list for PBXNativeTarget "线程保活的封装UITests" */ = {
			isa = XCConfigurationList;
			buildConfigurations = (
				F0A5979B25306310004CD02A /* Debug */,
				F0A5979C25306310004CD02A /* Release */,
			);
			defaultConfigurationIsVisible = 0;
			defaultConfigurationName = Release;
		};
/* End XCConfigurationList section */
	};
	rootObject = F0A5975D25306309004CD02A /* Project object */;
}
